// !$*UTF8*$!
{
	archiveVersion = 1;
	classes = {
	};
	objectVersion = 46;
	objects = {

/* Begin PBXBuildFile section */
		1F164FDB1CD7F5170036488A /* main.m in Sources */ = {isa = PBXBuildFile; fileRef = 1F164FDA1CD7F5170036488A /* main.m */; };
		1F164FDE1CD7F5170036488A /* AppDelegate.m in Sources */ = {isa = PBXBuildFile; fileRef = 1F164FDD1CD7F5170036488A /* AppDelegate.m */; };
		1F164FE11CD7F5170036488A /* ViewController.m in Sources */ = {isa = PBXBuildFile; fileRef = 1F164FE01CD7F5170036488A /* ViewController.m */; };
		1F164FE41CD7F5170036488A /* Main.storyboard in Resources */ = {isa = PBXBuildFile; fileRef = 1F164FE21CD7F5170036488A /* Main.storyboard */; };
		1F164FE71CD7F5170036488A /* LanesReminder.xcdatamodeld in Sources */ = {isa = PBXBuildFile; fileRef = 1F164FE51CD7F5170036488A /* LanesReminder.xcdatamodeld */; };
		1F164FE91CD7F5170036488A /* Assets.xcassets in Resources */ = {isa = PBXBuildFile; fileRef = 1F164FE81CD7F5170036488A /* Assets.xcassets */; };
		1F164FEC1CD7F5170036488A /* LaunchScreen.storyboard in Resources */ = {isa = PBXBuildFile; fileRef = 1F164FEA1CD7F5170036488A /* LaunchScreen.storyboard */; };
		1F164FF71CD7F5170036488A /* LanesReminderTests.m in Sources */ = {isa = PBXBuildFile; fileRef = 1F164FF61CD7F5170036488A /* LanesReminderTests.m */; };
		1F1650021CD7F5170036488A /* LanesReminderUITests.m in Sources */ = {isa = PBXBuildFile; fileRef = 1F1650011CD7F5170036488A /* LanesReminderUITests.m */; };
		1F309E8A1CDA519200B15AA4 /* VideoTableViewCell.m in Sources */ = {isa = PBXBuildFile; fileRef = 1F309E891CDA519200B15AA4 /* VideoTableViewCell.m */; };
		1F309E8D1CDA51D800B15AA4 /* VideosTableViewController.m in Sources */ = {isa = PBXBuildFile; fileRef = 1F309E8C1CDA51D800B15AA4 /* VideosTableViewController.m */; };
		1F634D411CDB19F6003B5FD9 /* ImagePickerController.m in Sources */ = {isa = PBXBuildFile; fileRef = 1F634D401CDB19F6003B5FD9 /* ImagePickerController.m */; };
/* End PBXBuildFile section */

/* Begin PBXContainerItemProxy section */
		1F164FF31CD7F5170036488A /* PBXContainerItemProxy */ = {
			isa = PBXContainerItemProxy;
			containerPortal = 1F164FCE1CD7F5170036488A /* Project object */;
			proxyType = 1;
			remoteGlobalIDString = 1F164FD51CD7F5170036488A;
			remoteInfo = LanesReminder;
		};
		1F164FFE1CD7F5170036488A /* PBXContainerItemProxy */ = {
			isa = PBXContainerItemProxy;
			containerPortal = 1F164FCE1CD7F5170036488A /* Project object */;
			proxyType = 1;
			remoteGlobalIDString = 1F164FD51CD7F5170036488A;
			remoteInfo = LanesReminder;
		};
/* End PBXContainerItemProxy section */

/* Begin PBXFileReference section */
		1F164FD61CD7F5170036488A /* LanesReminder.app */ = {isa = PBXFileReference; explicitFileType = wrapper.application; includeInIndex = 0; path = LanesReminder.app; sourceTree = BUILT_PRODUCTS_DIR; };
		1F164FDA1CD7F5170036488A /* main.m */ = {isa = PBXFileReference; lastKnownFileType = sourcecode.c.objc; path = main.m; sourceTree = "<group>"; };
		1F164FDC1CD7F5170036488A /* AppDelegate.h */ = {isa = PBXFileReference; lastKnownFileType = sourcecode.c.h; path = AppDelegate.h; sourceTree = "<group>"; };
		1F164FDD1CD7F5170036488A /* AppDelegate.m */ = {isa = PBXFileReference; lastKnownFileType = sourcecode.c.objc; path = AppDelegate.m; sourceTree = "<group>"; };
		1F164FDF1CD7F5170036488A /* ViewController.h */ = {isa = PBXFileReference; lastKnownFileType = sourcecode.c.h; path = ViewController.h; sourceTree = "<group>"; };
		1F164FE01CD7F5170036488A /* ViewController.m */ = {isa = PBXFileReference; lastKnownFileType = sourcecode.c.objc; path = ViewController.m; sourceTree = "<group>"; };
		1F164FE31CD7F5170036488A /* Base */ = {isa = PBXFileReference; lastKnownFileType = file.storyboard; name = Base; path = Base.lproj/Main.storyboard; sourceTree = "<group>"; };
		1F164FE61CD7F5170036488A /* LanesReminder.xcdatamodel */ = {isa = PBXFileReference; lastKnownFileType = wrapper.xcdatamodel; path = LanesReminder.xcdatamodel; sourceTree = "<group>"; };
		1F164FE81CD7F5170036488A /* Assets.xcassets */ = {isa = PBXFileReference; lastKnownFileType = folder.assetcatalog; path = Assets.xcassets; sourceTree = "<group>"; };
		1F164FEB1CD7F5170036488A /* Base */ = {isa = PBXFileReference; lastKnownFileType = file.storyboard; name = Base; path = Base.lproj/LaunchScreen.storyboard; sourceTree = "<group>"; };
		1F164FED1CD7F5170036488A /* Info.plist */ = {isa = PBXFileReference; lastKnownFileType = text.plist.xml; path = Info.plist; sourceTree = "<group>"; };
		1F164FF21CD7F5170036488A /* LanesReminderTests.xctest */ = {isa = PBXFileReference; explicitFileType = wrapper.cfbundle; includeInIndex = 0; path = LanesReminderTests.xctest; sourceTree = BUILT_PRODUCTS_DIR; };
		1F164FF61CD7F5170036488A /* LanesReminderTests.m */ = {isa = PBXFileReference; lastKnownFileType = sourcecode.c.objc; path = LanesReminderTests.m; sourceTree = "<group>"; };
		1F164FF81CD7F5170036488A /* Info.plist */ = {isa = PBXFileReference; lastKnownFileType = text.plist.xml; path = Info.plist; sourceTree = "<group>"; };
		1F164FFD1CD7F5170036488A /* LanesReminderUITests.xctest */ = {isa = PBXFileReference; explicitFileType = wrapper.cfbundle; includeInIndex = 0; path = LanesReminderUITests.xctest; sourceTree = BUILT_PRODUCTS_DIR; };
		1F1650011CD7F5170036488A /* LanesReminderUITests.m */ = {isa = PBXFileReference; lastKnownFileType = sourcecode.c.objc; path = LanesReminderUITests.m; sourceTree = "<group>"; };
		1F1650031CD7F5170036488A /* Info.plist */ = {isa = PBXFileReference; lastKnownFileType = text.plist.xml; path = Info.plist; sourceTree = "<group>"; };
		1F309E881CDA519200B15AA4 /* VideoTableViewCell.h */ = {isa = PBXFileReference; fileEncoding = 4; lastKnownFileType = sourcecode.c.h; path = VideoTableViewCell.h; sourceTree = "<group>"; };
		1F309E891CDA519200B15AA4 /* VideoTableViewCell.m */ = {isa = PBXFileReference; fileEncoding = 4; lastKnownFileType = sourcecode.c.objc; path = VideoTableViewCell.m; sourceTree = "<group>"; };
		1F309E8B1CDA51D800B15AA4 /* VideosTableViewController.h */ = {isa = PBXFileReference; fileEncoding = 4; lastKnownFileType = sourcecode.c.h; path = VideosTableViewController.h; sourceTree = "<group>"; };
		1F309E8C1CDA51D800B15AA4 /* VideosTableViewController.m */ = {isa = PBXFileReference; fileEncoding = 4; lastKnownFileType = sourcecode.c.objc; path = VideosTableViewController.m; sourceTree = "<group>"; };
		1F634D3F1CDB19F6003B5FD9 /* ImagePickerController.h */ = {isa = PBXFileReference; fileEncoding = 4; lastKnownFileType = sourcecode.c.h; path = ImagePickerController.h; sourceTree = "<group>"; };
		1F634D401CDB19F6003B5FD9 /* ImagePickerController.m */ = {isa = PBXFileReference; fileEncoding = 4; lastKnownFileType = sourcecode.c.objc; path = ImagePickerController.m; sourceTree = "<group>"; };
/* End PBXFileReference section */

/* Begin PBXFrameworksBuildPhase section */
		1F164FD31CD7F5170036488A /* Frameworks */ = {
			isa = PBXFrameworksBuildPhase;
			buildActionMask = 2147483647;
			files = (
			);
			runOnlyForDeploymentPostprocessing = 0;
		};
		1F164FEF1CD7F5170036488A /* Frameworks */ = {
			isa = PBXFrameworksBuildPhase;
			buildActionMask = 2147483647;
			files = (
			);
			runOnlyForDeploymentPostprocessing = 0;
		};
		1F164FFA1CD7F5170036488A /* Frameworks */ = {
			isa = PBXFrameworksBuildPhase;
			buildActionMask = 2147483647;
			files = (
			);
			runOnlyForDeploymentPostprocessing = 0;
		};
/* End PBXFrameworksBuildPhase section */

/* Begin PBXGroup section */
		1F164FCD1CD7F5170036488A = {
			isa = PBXGroup;
			children = (
				1F164FD81CD7F5170036488A /* LanesReminder */,
				1F164FF51CD7F5170036488A /* LanesReminderTests */,
				1F1650001CD7F5170036488A /* LanesReminderUITests */,
				1F164FD71CD7F5170036488A /* Products */,
			);
			sourceTree = "<group>";
		};
		1F164FD71CD7F5170036488A /* Products */ = {
			isa = PBXGroup;
			children = (
				1F164FD61CD7F5170036488A /* LanesReminder.app */,
				1F164FF21CD7F5170036488A /* LanesReminderTests.xctest */,
				1F164FFD1CD7F5170036488A /* LanesReminderUITests.xctest */,
			);
			name = Products;
			sourceTree = "<group>";
		};
		1F164FD81CD7F5170036488A /* LanesReminder */ = {
			isa = PBXGroup;
			children = (
				1F164FE21CD7F5170036488A /* Main.storyboard */,
				1F164FDC1CD7F5170036488A /* AppDelegate.h */,
				1F164FDD1CD7F5170036488A /* AppDelegate.m */,
				1F164FDF1CD7F5170036488A /* ViewController.h */,
				1F164FE01CD7F5170036488A /* ViewController.m */,
				1F634D3F1CDB19F6003B5FD9 /* ImagePickerController.h */,
				1F634D401CDB19F6003B5FD9 /* ImagePickerController.m */,
				1F309E881CDA519200B15AA4 /* VideoTableViewCell.h */,
				1F309E891CDA519200B15AA4 /* VideoTableViewCell.m */,
				1F309E8B1CDA51D800B15AA4 /* VideosTableViewController.h */,
				1F309E8C1CDA51D800B15AA4 /* VideosTableViewController.m */,
				1F164FE81CD7F5170036488A /* Assets.xcassets */,
				1F164FEA1CD7F5170036488A /* LaunchScreen.storyboard */,
				1F164FED1CD7F5170036488A /* Info.plist */,
				1F164FE51CD7F5170036488A /* LanesReminder.xcdatamodeld */,
				1F164FD91CD7F5170036488A /* Supporting Files */,
			);
			path = LanesReminder;
			sourceTree = "<group>";
		};
		1F164FD91CD7F5170036488A /* Supporting Files */ = {
			isa = PBXGroup;
			children = (
				1F164FDA1CD7F5170036488A /* main.m */,
			);
			name = "Supporting Files";
			sourceTree = "<group>";
		};
		1F164FF51CD7F5170036488A /* LanesReminderTests */ = {
			isa = PBXGroup;
			children = (
				1F164FF61CD7F5170036488A /* LanesReminderTests.m */,
				1F164FF81CD7F5170036488A /* Info.plist */,
			);
			path = LanesReminderTests;
			sourceTree = "<group>";
		};
		1F1650001CD7F5170036488A /* LanesReminderUITests */ = {
			isa = PBXGroup;
			children = (
				1F1650011CD7F5170036488A /* LanesReminderUITests.m */,
				1F1650031CD7F5170036488A /* Info.plist */,
			);
			path = LanesReminderUITests;
			sourceTree = "<group>";
		};
/* End PBXGroup section */

/* Begin PBXNativeTarget section */
		1F164FD51CD7F5170036488A /* LanesReminder */ = {
			isa = PBXNativeTarget;
			buildConfigurationList = 1F1650061CD7F5170036488A /* Build configuration list for PBXNativeTarget "LanesReminder" */;
			buildPhases = (
				1F164FD21CD7F5170036488A /* Sources */,
				1F164FD31CD7F5170036488A /* Frameworks */,
				1F164FD41CD7F5170036488A /* Resources */,
			);
			buildRules = (
			);
			dependencies = (
			);
			name = LanesReminder;
			productName = LanesReminder;
			productReference = 1F164FD61CD7F5170036488A /* LanesReminder.app */;
			productType = "com.apple.product-type.application";
		};
		1F164FF11CD7F5170036488A /* LanesReminderTests */ = {
			isa = PBXNativeTarget;
			buildConfigurationList = 1F1650091CD7F5170036488A /* Build configuration list for PBXNativeTarget "LanesReminderTests" */;
			buildPhases = (
				1F164FEE1CD7F5170036488A /* Sources */,
				1F164FEF1CD7F5170036488A /* Frameworks */,
				1F164FF01CD7F5170036488A /* Resources */,
			);
			buildRules = (
			);
			dependencies = (
				1F164FF41CD7F5170036488A /* PBXTargetDependency */,
			);
			name = LanesReminderTests;
			productName = LanesReminderTests;
			productReference = 1F164FF21CD7F5170036488A /* LanesReminderTests.xctest */;
			productType = "com.apple.product-type.bundle.unit-test";
		};
		1F164FFC1CD7F5170036488A /* LanesReminderUITests */ = {
			isa = PBXNativeTarget;
			buildConfigurationList = 1F16500C1CD7F5170036488A /* Build configuration list for PBXNativeTarget "LanesReminderUITests" */;
			buildPhases = (
				1F164FF91CD7F5170036488A /* Sources */,
				1F164FFA1CD7F5170036488A /* Frameworks */,
				1F164FFB1CD7F5170036488A /* Resources */,
			);
			buildRules = (
			);
			dependencies = (
				1F164FFF1CD7F5170036488A /* PBXTargetDependency */,
			);
			name = LanesReminderUITests;
			productName = LanesReminderUITests;
			productReference = 1F164FFD1CD7F5170036488A /* LanesReminderUITests.xctest */;
			productType = "com.apple.product-type.bundle.ui-testing";
		};
/* End PBXNativeTarget section */

/* Begin PBXProject section */
		1F164FCE1CD7F5170036488A /* Project object */ = {
			isa = PBXProject;
			attributes = {
				LastUpgradeCheck = 0730;
				ORGANIZATIONNAME = Sanjeev_Bharti;
				TargetAttributes = {
					1F164FD51CD7F5170036488A = {
						CreatedOnToolsVersion = 7.3;
					};
					1F164FF11CD7F5170036488A = {
						CreatedOnToolsVersion = 7.3;
						TestTargetID = 1F164FD51CD7F5170036488A;
					};
					1F164FFC1CD7F5170036488A = {
						CreatedOnToolsVersion = 7.3;
						TestTargetID = 1F164FD51CD7F5170036488A;
					};
				};
			};
			buildConfigurationList = 1F164FD11CD7F5170036488A /* Build configuration list for PBXProject "LanesReminder" */;
			compatibilityVersion = "Xcode 3.2";
			developmentRegion = English;
			hasScannedForEncodings = 0;
			knownRegions = (
				en,
				Base,
			);
			mainGroup = 1F164FCD1CD7F5170036488A;
			productRefGroup = 1F164FD71CD7F5170036488A /* Products */;
			projectDirPath = "";
			projectRoot = "";
			targets = (
				1F164FD51CD7F5170036488A /* LanesReminder */,
				1F164FF11CD7F5170036488A /* LanesReminderTests */,
				1F164FFC1CD7F5170036488A /* LanesReminderUITests */,
			);
		};
/* End PBXProject section */

/* Begin PBXResourcesBuildPhase section */
		1F164FD41CD7F5170036488A /* Resources */ = {
			isa = PBXResourcesBuildPhase;
			buildActionMask = 2147483647;
			files = (
				1F164FEC1CD7F5170036488A /* LaunchScreen.storyboard in Resources */,
				1F164FE91CD7F5170036488A /* Assets.xcassets in Resources */,
				1F164FE41CD7F5170036488A /* Main.storyboard in Resources */,
			);
			runOnlyForDeploymentPostprocessing = 0;
		};
		1F164FF01CD7F5170036488A /* Resources */ = {
			isa = PBXResourcesBuildPhase;
			buildActionMask = 2147483647;
			files = (
			);
			runOnlyForDeploymentPostprocessing = 0;
		};
		1F164FFB1CD7F5170036488A /* Resources */ = {
			isa = PBXResourcesBuildPhase;
			buildActionMask = 2147483647;
			files = (
			);
			runOnlyForDeploymentPostprocessing = 0;
		};
/* End PBXResourcesBuildPhase section */

/* Begin PBXSourcesBuildPhase section */
		1F164FD21CD7F5170036488A /* Sources */ = {
			isa = PBXSourcesBuildPhase;
			buildActionMask = 2147483647;
			files = (
				1F309E8A1CDA519200B15AA4 /* VideoTableViewCell.m in Sources */,
				1F164FE11CD7F5170036488A /* ViewController.m in Sources */,
				1F164FDE1CD7F5170036488A /* AppDelegate.m in Sources */,
				1F164FDB1CD7F5170036488A /* main.m in Sources */,
				1F164FE71CD7F5170036488A /* LanesReminder.xcdatamodeld in Sources */,
				1F309E8D1CDA51D800B15AA4 /* VideosTableViewController.m in Sources */,
				1F634D411CDB19F6003B5FD9 /* ImagePickerController.m in Sources */,
			);
			runOnlyForDeploymentPostprocessing = 0;
		};
		1F164FEE1CD7F5170036488A /* Sources */ = {
			isa = PBXSourcesBuildPhase;
			buildActionMask = 2147483647;
			files = (
				1F164FF71CD7F5170036488A /* LanesReminderTests.m in Sources */,
			);
			runOnlyForDeploymentPostprocessing = 0;
		};
		1F164FF91CD7F5170036488A /* Sources */ = {
			isa = PBXSourcesBuildPhase;
			buildActionMask = 2147483647;
			files = (
				1F1650021CD7F5170036488A /* LanesReminderUITests.m in Sources */,
			);
			runOnlyForDeploymentPostprocessing = 0;
		};
/* End PBXSourcesBuildPhase section */

/* Begin PBXTargetDependency section */
		1F164FF41CD7F5170036488A /* PBXTargetDependency */ = {
			isa = PBXTargetDependency;
			target = 1F164FD51CD7F5170036488A /* LanesReminder */;
			targetProxy = 1F164FF31CD7F5170036488A /* PBXContainerItemProxy */;
		};
		1F164FFF1CD7F5170036488A /* PBXTargetDependency */ = {
			isa = PBXTargetDependency;
			target = 1F164FD51CD7F5170036488A /* LanesReminder */;
			targetProxy = 1F164FFE1CD7F5170036488A /* PBXContainerItemProxy */;
		};
/* End PBXTargetDependency section */

/* Begin PBXVariantGroup section */
		1F164FE21CD7F5170036488A /* Main.storyboard */ = {
			isa = PBXVariantGroup;
			children = (
				1F164FE31CD7F5170036488A /* Base */,
			);
			name = Main.storyboard;
			sourceTree = "<group>";
		};
		1F164FEA1CD7F5170036488A /* LaunchScreen.storyboard */ = {
			isa = PBXVariantGroup;
			children = (
				1F164FEB1CD7F5170036488A /* Base */,
			);
			name = LaunchScreen.storyboard;
			sourceTree = "<group>";
		};
/* End PBXVariantGroup section */

/* Begin XCBuildConfiguration section */
		1F1650041CD7F5170036488A /* Debug */ = {
			isa = XCBuildConfiguration;
			buildSettings = {
				ALWAYS_SEARCH_USER_PATHS = NO;
				CLANG_ANALYZER_NONNULL = YES;
				CLANG_CXX_LANGUAGE_STANDARD = "gnu++0x";
				CLANG_CXX_LIBRARY = "libc++";
				CLANG_ENABLE_MODULES = YES;
				CLANG_ENABLE_OBJC_ARC = YES;
				CLANG_WARN_BOOL_CONVERSION = YES;
				CLANG_WARN_CONSTANT_CONVERSION = YES;
				CLANG_WARN_DIRECT_OBJC_ISA_USAGE = YES_ERROR;
				CLANG_WARN_EMPTY_BODY = YES;
				CLANG_WARN_ENUM_CONVERSION = YES;
				CLANG_WARN_INT_CONVERSION = YES;
				CLANG_WARN_OBJC_ROOT_CLASS = YES_ERROR;
				CLANG_WARN_UNREACHABLE_CODE = YES;
				CLANG_WARN__DUPLICATE_METHOD_MATCH = YES;
				"CODE_SIGN_IDENTITY[sdk=iphoneos*]" = "iPhone Developer";
				COPY_PHASE_STRIP = NO;
				DEBUG_INFORMATION_FORMAT = dwarf;
				ENABLE_STRICT_OBJC_MSGSEND = YES;
				ENABLE_TESTABILITY = YES;
				GCC_C_LANGUAGE_STANDARD = gnu99;
				GCC_DYNAMIC_NO_PIC = NO;
				GCC_NO_COMMON_BLOCKS = YES;
				GCC_OPTIMIZATION_LEVEL = 0;
				GCC_PREPROCESSOR_DEFINITIONS = (
					"DEBUG=1",
					"$(inherited)",
				);
				GCC_WARN_64_TO_32_BIT_CONVERSION = YES;
				GCC_WARN_ABOUT_RETURN_TYPE = YES_ERROR;
				GCC_WARN_UNDECLARED_SELECTOR = YES;
				GCC_WARN_UNINITIALIZED_AUTOS = YES_AGGRESSIVE;
				GCC_WARN_UNUSED_FUNCTION = YES;
				GCC_WARN_UNUSED_VARIABLE = YES;
				IPHONEOS_DEPLOYMENT_TARGET = 9.3;
				MTL_ENABLE_DEBUG_INFO = YES;
				ONLY_ACTIVE_ARCH = YES;
				SDKROOT = iphoneos;
			};
			name = Debug;
		};
		1F1650051CD7F5170036488A /* Release */ = {
			isa = XCBuildConfiguration;
			buildSettings = {
				ALWAYS_SEARCH_USER_PATHS = NO;
				CLANG_ANALYZER_NONNULL = YES;
				CLANG_CXX_LANGUAGE_STANDARD = "gnu++0x";
				CLANG_CXX_LIBRARY = "libc++";
				CLANG_ENABLE_MODULES = YES;
				CLANG_ENABLE_OBJC_ARC = YES;
				CLANG_WARN_BOOL_CONVERSION = YES;
				CLANG_WARN_CONSTANT_CONVERSION = YES;
				CLANG_WARN_DIRECT_OBJC_ISA_USAGE = YES_ERROR;
				CLANG_WARN_EMPTY_BODY = YES;
				CLANG_WARN_ENUM_CONVERSION = YES;
				CLANG_WARN_INT_CONVERSION = YES;
				CLANG_WARN_OBJC_ROOT_CLASS = YES_ERROR;
				CLANG_WARN_UNREACHABLE_CODE = YES;
				CLANG_WARN__DUPLICATE_METHOD_MATCH = YES;
				"CODE_SIGN_IDENTITY[sdk=iphoneos*]" = "iPhone Developer";
				COPY_PHASE_STRIP = NO;
				DEBUG_INFORMATION_FORMAT = "dwarf-with-dsym";
				ENABLE_NS_ASSERTIONS = NO;
				ENABLE_STRICT_OBJC_MSGSEND = YES;
				GCC_C_LANGUAGE_STANDARD = gnu99;
				GCC_NO_COMMON_BLOCKS = YES;
				GCC_WARN_64_TO_32_BIT_CONVERSION = YES;
				GCC_WARN_ABOUT_RETURN_TYPE = YES_ERROR;
				GCC_WARN_UNDECLARED_SELECTOR = YES;
				GCC_WARN_UNINITIALIZED_AUTOS = YES_AGGRESSIVE;
				GCC_WARN_UNUSED_FUNCTION = YES;
				GCC_WARN_UNUSED_VARIABLE = YES;
				IPHONEOS_DEPLOYMENT_TARGET = 9.3;
				MTL_ENABLE_DEBUG_INFO = NO;
				SDKROOT = iphoneos;
				VALIDATE_PRODUCT = YES;
			};
			name = Release;
		};
		1F1650071CD7F5170036488A /* Debug */ = {
			isa = XCBuildConfiguration;
			buildSettings = {
				ASSETCATALOG_COMPILER_APPICON_NAME = AppIcon;
				INFOPLIST_FILE = LanesReminder/Info.plist;
				LD_RUNPATH_SEARCH_PATHS = "$(inherited) @executable_path/Frameworks";
				PRODUCT_BUNDLE_IDENTIFIER = SamTest.LanesReminder;
				PRODUCT_NAME = "$(TARGET_NAME)";
			};
			name = Debug;
		};
		1F1650081CD7F5170036488A /* Release */ = {
			isa = XCBuildConfiguration;
			buildSettings = {
				ASSETCATALOG_COMPILER_APPICON_NAME = AppIcon;
				INFOPLIST_FILE = LanesReminder/Info.plist;
				LD_RUNPATH_SEARCH_PATHS = "$(inherited) @executable_path/Frameworks";
				PRODUCT_BUNDLE_IDENTIFIER = SamTest.LanesReminder;
				PRODUCT_NAME = "$(TARGET_NAME)";
			};
			name = Release;
		};
		1F16500A1CD7F5170036488A /* Debug */ = {
			isa = XCBuildConfiguration;
			buildSettings = {
				BUNDLE_LOADER = "$(TEST_HOST)";
				INFOPLIST_FILE = LanesReminderTests/Info.plist;
				LD_RUNPATH_SEARCH_PATHS = "$(inherited) @executable_path/Frameworks @loader_path/Frameworks";
				PRODUCT_BUNDLE_IDENTIFIER = SamTest.LanesReminderTests;
				PRODUCT_NAME = "$(TARGET_NAME)";
				TEST_HOST = "$(BUILT_PRODUCTS_DIR)/LanesReminder.app/LanesReminder";
			};
			name = Debug;
		};
		1F16500B1CD7F5170036488A /* Release */ = {
			isa = XCBuildConfiguration;
			buildSettings = {
				BUNDLE_LOADER = "$(TEST_HOST)";
				INFOPLIST_FILE = LanesReminderTests/Info.plist;
				LD_RUNPATH_SEARCH_PATHS = "$(inherited) @executable_path/Frameworks @loader_path/Frameworks";
				PRODUCT_BUNDLE_IDENTIFIER = SamTest.LanesReminderTests;
				PRODUCT_NAME = "$(TARGET_NAME)";
				TEST_HOST = "$(BUILT_PRODUCTS_DIR)/LanesReminder.app/LanesReminder";
			};
			name = Release;
		};
		1F16500D1CD7F5170036488A /* Debug */ = {
			isa = XCBuildConfiguration;
			buildSettings = {
				INFOPLIST_FILE = LanesReminderUITests/Info.plist;
				LD_RUNPATH_SEARCH_PATHS = "$(inherited) @executable_path/Frameworks @loader_path/Frameworks";
				PRODUCT_BUNDLE_IDENTIFIER = SamTest.LanesReminderUITests;
				PRODUCT_NAME = "$(TARGET_NAME)";
				TEST_TARGET_NAME = LanesReminder;
			};
			name = Debug;
		};
		1F16500E1CD7F5170036488A /* Release */ = {
			isa = XCBuildConfiguration;
			buildSettings = {
				INFOPLIST_FILE = LanesReminderUITests/Info.plist;
				LD_RUNPATH_SEARCH_PATHS = "$(inherited) @executable_path/Frameworks @loader_path/Frameworks";
				PRODUCT_BUNDLE_IDENTIFIER = SamTest.LanesReminderUITests;
				PRODUCT_NAME = "$(TARGET_NAME)";
				TEST_TARGET_NAME = LanesReminder;
			};
			name = Release;
		};
/* End XCBuildConfiguration section */

/* Begin XCConfigurationList section */
		1F164FD11CD7F5170036488A /* Build configuration list for PBXProject "LanesReminder" */ = {
			isa = XCConfigurationList;
			buildConfigurations = (
				1F1650041CD7F5170036488A /* Debug */,
				1F1650051CD7F5170036488A /* Release */,
			);
			defaultConfigurationIsVisible = 0;
			defaultConfigurationName = Release;
		};
		1F1650061CD7F5170036488A /* Build configuration list for PBXNativeTarget "LanesReminder" */ = {
			isa = XCConfigurationList;
			buildConfigurations = (
				1F1650071CD7F5170036488A /* Debug */,
				1F1650081CD7F5170036488A /* Release */,
			);
			defaultConfigurationIsVisible = 0;
			defaultConfigurationName = Release;
		};
		1F1650091CD7F5170036488A /* Build configuration list for PBXNativeTarget "LanesReminderTests" */ = {
			isa = XCConfigurationList;
			buildConfigurations = (
				1F16500A1CD7F5170036488A /* Debug */,
				1F16500B1CD7F5170036488A /* Release */,
			);
			defaultConfigurationIsVisible = 0;
			defaultConfigurationName = Release;
		};
		1F16500C1CD7F5170036488A /* Build configuration list for PBXNativeTarget "LanesReminderUITests" */ = {
			isa = XCConfigurationList;
			buildConfigurations = (
				1F16500D1CD7F5170036488A /* Debug */,
				1F16500E1CD7F5170036488A /* Release */,
			);
			defaultConfigurationIsVisible = 0;
			defaultConfigurationName = Release;
		};
/* End XCConfigurationList section */

/* Begin XCVersionGroup section */
		1F164FE51CD7F5170036488A /* LanesReminder.xcdatamodeld */ = {
			isa = XCVersionGroup;
			children = (
				1F164FE61CD7F5170036488A /* LanesReminder.xcdatamodel */,
			);
			currentVersion = 1F164FE61CD7F5170036488A /* LanesReminder.xcdatamodel */;
			path = LanesReminder.xcdatamodeld;
			sourceTree = "<group>";
			versionGroupType = wrapper.xcdatamodel;
		};
/* End XCVersionGroup section */
	};
	rootObject = 1F164FCE1CD7F5170036488A /* Project object */;
}
